// !$*UTF8*$!
{
	archiveVersion = 1;
	classes = {
	};
	objectVersion = 46;
	objects = {

/* Begin PBXBuildFile section */
		924902161D7AAE1E002A2650 /* MainViewController.swift in Sources */ = {isa = PBXBuildFile; fileRef = 924902141D7AAE1E002A2650 /* MainViewController.swift */; };
		924902191D7AB304002A2650 /* Main.storyboard in Resources */ = {isa = PBXBuildFile; fileRef = 924902181D7AB304002A2650 /* Main.storyboard */; };
		924902211D7AB4C8002A2650 /* Home.storyboard in Resources */ = {isa = PBXBuildFile; fileRef = 924902201D7AB4C8002A2650 /* Home.storyboard */; };
		924902231D7AB526002A2650 /* Message.storyboard in Resources */ = {isa = PBXBuildFile; fileRef = 924902221D7AB526002A2650 /* Message.storyboard */; };
		924902251D7AB557002A2650 /* Discover.storyboard in Resources */ = {isa = PBXBuildFile; fileRef = 924902241D7AB557002A2650 /* Discover.storyboard */; };
		924902271D7AB5BD002A2650 /* Profile.storyboard in Resources */ = {isa = PBXBuildFile; fileRef = 924902261D7AB5BD002A2650 /* Profile.storyboard */; };
		924902291D7ABB9F002A2650 /* Compose.storyboard in Resources */ = {isa = PBXBuildFile; fileRef = 924902281D7ABB9F002A2650 /* Compose.storyboard */; };
		9249022B1D7ABE4F002A2650 /* HomeTableViewController.swift in Sources */ = {isa = PBXBuildFile; fileRef = 9249022A1D7ABE4F002A2650 /* HomeTableViewController.swift */; };
		9249022D1D7ABE67002A2650 /* BaseTableViewController.swift in Sources */ = {isa = PBXBuildFile; fileRef = 9249022C1D7ABE67002A2650 /* BaseTableViewController.swift */; };
		9249022F1D7ABEAC002A2650 /* MessageTableViewController.swift in Sources */ = {isa = PBXBuildFile; fileRef = 9249022E1D7ABEAC002A2650 /* MessageTableViewController.swift */; };
		924902311D7ABEEA002A2650 /* ComposeViewController.swift in Sources */ = {isa = PBXBuildFile; fileRef = 924902301D7ABEEA002A2650 /* ComposeViewController.swift */; };
		924902331D7ABF46002A2650 /* DiscoverTableViewController.swift in Sources */ = {isa = PBXBuildFile; fileRef = 924902321D7ABF46002A2650 /* DiscoverTableViewController.swift */; };
		924902351D7ABF60002A2650 /* ProfileTableViewController.swift in Sources */ = {isa = PBXBuildFile; fileRef = 924902341D7ABF60002A2650 /* ProfileTableViewController.swift */; };
		924902371D7AD6B9002A2650 /* UIButton+Extension.swift in Sources */ = {isa = PBXBuildFile; fileRef = 924902361D7AD6B9002A2650 /* UIButton+Extension.swift */; };
		9249023F1D7B0D51002A2650 /* VisitorView.xib in Resources */ = {isa = PBXBuildFile; fileRef = 9249023E1D7B0D51002A2650 /* VisitorView.xib */; };
		924902411D7B0DA9002A2650 /* VisitorView.swift in Sources */ = {isa = PBXBuildFile; fileRef = 924902401D7B0DA9002A2650 /* VisitorView.swift */; };
		92BB387E1D7A76AC00008A10 /* AppDelegate.swift in Sources */ = {isa = PBXBuildFile; fileRef = 92BB387D1D7A76AC00008A10 /* AppDelegate.swift */; };
		92BB38851D7A76AC00008A10 /* Assets.xcassets in Resources */ = {isa = PBXBuildFile; fileRef = 92BB38841D7A76AC00008A10 /* Assets.xcassets */; };
		92BB38931D7A76AC00008A10 /* SLWeiBoTests.swift in Sources */ = {isa = PBXBuildFile; fileRef = 92BB38921D7A76AC00008A10 /* SLWeiBoTests.swift */; };
		92BB389E1D7A76AC00008A10 /* SLWeiBoUITests.swift in Sources */ = {isa = PBXBuildFile; fileRef = 92BB389D1D7A76AC00008A10 /* SLWeiBoUITests.swift */; };
/* End PBXBuildFile section */

/* Begin PBXContainerItemProxy section */
		92BB388F1D7A76AC00008A10 /* PBXContainerItemProxy */ = {
			isa = PBXContainerItemProxy;
			containerPortal = 92BB38721D7A76AC00008A10 /* Project object */;
			proxyType = 1;
			remoteGlobalIDString = 92BB38791D7A76AC00008A10;
			remoteInfo = SLWeiBo;
		};
		92BB389A1D7A76AC00008A10 /* PBXContainerItemProxy */ = {
			isa = PBXContainerItemProxy;
			containerPortal = 92BB38721D7A76AC00008A10 /* Project object */;
			proxyType = 1;
			remoteGlobalIDString = 92BB38791D7A76AC00008A10;
			remoteInfo = SLWeiBo;
		};
/* End PBXContainerItemProxy section */

/* Begin PBXFileReference section */
		924902141D7AAE1E002A2650 /* MainViewController.swift */ = {isa = PBXFileReference; fileEncoding = 4; lastKnownFileType = sourcecode.swift; path = MainViewController.swift; sourceTree = "<group>"; };
		924902181D7AB304002A2650 /* Main.storyboard */ = {isa = PBXFileReference; fileEncoding = 4; lastKnownFileType = file.storyboard; path = Main.storyboard; sourceTree = "<group>"; };
		924902201D7AB4C8002A2650 /* Home.storyboard */ = {isa = PBXFileReference; fileEncoding = 4; lastKnownFileType = file.storyboard; name = Home.storyboard; path = SLWeiBo/Classes/Home/Storyboard/Home.storyboard; sourceTree = SOURCE_ROOT; };
		924902221D7AB526002A2650 /* Message.storyboard */ = {isa = PBXFileReference; fileEncoding = 4; lastKnownFileType = file.storyboard; name = Message.storyboard; path = SLWeiBo/Classes/Message/Storyboard/Message.storyboard; sourceTree = SOURCE_ROOT; };
		924902241D7AB557002A2650 /* Discover.storyboard */ = {isa = PBXFileReference; fileEncoding = 4; lastKnownFileType = file.storyboard; name = Discover.storyboard; path = SLWeiBo/Classes/Discover/Storyboard/Discover.storyboard; sourceTree = SOURCE_ROOT; };
		924902261D7AB5BD002A2650 /* Profile.storyboard */ = {isa = PBXFileReference; fileEncoding = 4; lastKnownFileType = file.storyboard; name = Profile.storyboard; path = SLWeiBo/Classes/Profile/Storyboard/Profile.storyboard; sourceTree = SOURCE_ROOT; };
		924902281D7ABB9F002A2650 /* Compose.storyboard */ = {isa = PBXFileReference; fileEncoding = 4; lastKnownFileType = file.storyboard; name = Compose.storyboard; path = SLWeiBo/Classes/Compose/Storyboard/Compose.storyboard; sourceTree = SOURCE_ROOT; };
		9249022A1D7ABE4F002A2650 /* HomeTableViewController.swift */ = {isa = PBXFileReference; fileEncoding = 4; lastKnownFileType = sourcecode.swift; path = HomeTableViewController.swift; sourceTree = "<group>"; };
		9249022C1D7ABE67002A2650 /* BaseTableViewController.swift */ = {isa = PBXFileReference; fileEncoding = 4; lastKnownFileType = sourcecode.swift; path = BaseTableViewController.swift; sourceTree = "<group>"; };
		9249022E1D7ABEAC002A2650 /* MessageTableViewController.swift */ = {isa = PBXFileReference; fileEncoding = 4; lastKnownFileType = sourcecode.swift; path = MessageTableViewController.swift; sourceTree = "<group>"; };
		924902301D7ABEEA002A2650 /* ComposeViewController.swift */ = {isa = PBXFileReference; fileEncoding = 4; lastKnownFileType = sourcecode.swift; path = ComposeViewController.swift; sourceTree = "<group>"; };
		924902321D7ABF46002A2650 /* DiscoverTableViewController.swift */ = {isa = PBXFileReference; fileEncoding = 4; lastKnownFileType = sourcecode.swift; name = DiscoverTableViewController.swift; path = SLWeiBo/Classes/Compose/Controller/DiscoverTableViewController.swift; sourceTree = SOURCE_ROOT; };
		924902341D7ABF60002A2650 /* ProfileTableViewController.swift */ = {isa = PBXFileReference; fileEncoding = 4; lastKnownFileType = sourcecode.swift; path = ProfileTableViewController.swift; sourceTree = "<group>"; };
		924902361D7AD6B9002A2650 /* UIButton+Extension.swift */ = {isa = PBXFileReference; fileEncoding = 4; lastKnownFileType = sourcecode.swift; path = "UIButton+Extension.swift"; sourceTree = "<group>"; };
		9249023E1D7B0D51002A2650 /* VisitorView.xib */ = {isa = PBXFileReference; fileEncoding = 4; lastKnownFileType = file.xib; path = VisitorView.xib; sourceTree = "<group>"; };
		924902401D7B0DA9002A2650 /* VisitorView.swift */ = {isa = PBXFileReference; fileEncoding = 4; lastKnownFileType = sourcecode.swift; path = VisitorView.swift; sourceTree = "<group>"; };
		92BB387A1D7A76AC00008A10 /* SLWeiBo.app */ = {isa = PBXFileReference; explicitFileType = wrapper.application; includeInIndex = 0; path = SLWeiBo.app; sourceTree = BUILT_PRODUCTS_DIR; };
		92BB387D1D7A76AC00008A10 /* AppDelegate.swift */ = {isa = PBXFileReference; lastKnownFileType = sourcecode.swift; path = AppDelegate.swift; sourceTree = "<group>"; };
		92BB38841D7A76AC00008A10 /* Assets.xcassets */ = {isa = PBXFileReference; lastKnownFileType = folder.assetcatalog; path = Assets.xcassets; sourceTree = "<group>"; };
		92BB38891D7A76AC00008A10 /* Info.plist */ = {isa = PBXFileReference; lastKnownFileType = text.plist.xml; path = Info.plist; sourceTree = "<group>"; };
		92BB388E1D7A76AC00008A10 /* SLWeiBoTests.xctest */ = {isa = PBXFileReference; explicitFileType = wrapper.cfbundle; includeInIndex = 0; path = SLWeiBoTests.xctest; sourceTree = BUILT_PRODUCTS_DIR; };
		92BB38921D7A76AC00008A10 /* SLWeiBoTests.swift */ = {isa = PBXFileReference; lastKnownFileType = sourcecode.swift; path = SLWeiBoTests.swift; sourceTree = "<group>"; };
		92BB38941D7A76AC00008A10 /* Info.plist */ = {isa = PBXFileReference; lastKnownFileType = text.plist.xml; path = Info.plist; sourceTree = "<group>"; };
		92BB38991D7A76AC00008A10 /* SLWeiBoUITests.xctest */ = {isa = PBXFileReference; explicitFileType = wrapper.cfbundle; includeInIndex = 0; path = SLWeiBoUITests.xctest; sourceTree = BUILT_PRODUCTS_DIR; };
		92BB389D1D7A76AC00008A10 /* SLWeiBoUITests.swift */ = {isa = PBXFileReference; lastKnownFileType = sourcecode.swift; path = SLWeiBoUITests.swift; sourceTree = "<group>"; };
		92BB389F1D7A76AC00008A10 /* Info.plist */ = {isa = PBXFileReference; lastKnownFileType = text.plist.xml; path = Info.plist; sourceTree = "<group>"; };
/* End PBXFileReference section */

/* Begin PBXFrameworksBuildPhase section */
		92BB38771D7A76AC00008A10 /* Frameworks */ = {
			isa = PBXFrameworksBuildPhase;
			buildActionMask = 2147483647;
			files = (
			);
			runOnlyForDeploymentPostprocessing = 0;
		};
		92BB388B1D7A76AC00008A10 /* Frameworks */ = {
			isa = PBXFrameworksBuildPhase;
			buildActionMask = 2147483647;
			files = (
			);
			runOnlyForDeploymentPostprocessing = 0;
		};
		92BB38961D7A76AC00008A10 /* Frameworks */ = {
			isa = PBXFrameworksBuildPhase;
			buildActionMask = 2147483647;
			files = (
			);
			runOnlyForDeploymentPostprocessing = 0;
		};
/* End PBXFrameworksBuildPhase section */

/* Begin PBXGroup section */
		924901F91D7AAD7F002A2650 /* Classes */ = {
			isa = PBXGroup;
			children = (
				924902121D7AAD7F002A2650 /* Tools */,
				924902061D7AAD7F002A2650 /* Main */,
				924902021D7AAD7F002A2650 /* Home */,
				9249020A1D7AAD7F002A2650 /* Message */,
				924901FA1D7AAD7F002A2650 /* Compose */,
				924901FE1D7AAD7F002A2650 /* Discover */,
				9249020E1D7AAD7F002A2650 /* Profile */,
			);
			path = Classes;
			sourceTree = "<group>";
		};
		924901FA1D7AAD7F002A2650 /* Compose */ = {
			isa = PBXGroup;
			children = (
				9249021D1D7AB3A7002A2650 /* Storyboard */,
				924901FB1D7AAD7F002A2650 /* Controller */,
				924901FC1D7AAD7F002A2650 /* Model */,
				924901FD1D7AAD7F002A2650 /* View */,
			);
			path = Compose;
			sourceTree = "<group>";
		};
		924901FB1D7AAD7F002A2650 /* Controller */ = {
			isa = PBXGroup;
			children = (
				924902301D7ABEEA002A2650 /* ComposeViewController.swift */,
			);
			path = Controller;
			sourceTree = "<group>";
		};
		924901FC1D7AAD7F002A2650 /* Model */ = {
			isa = PBXGroup;
			children = (
			);
			path = Model;
			sourceTree = "<group>";
		};
		924901FD1D7AAD7F002A2650 /* View */ = {
			isa = PBXGroup;
			children = (
			);
			path = View;
			sourceTree = "<group>";
		};
		924901FE1D7AAD7F002A2650 /* Discover */ = {
			isa = PBXGroup;
			children = (
				9249021F1D7AB3F6002A2650 /* Storyboard */,
				924901FF1D7AAD7F002A2650 /* Controller */,
				924902001D7AAD7F002A2650 /* Model */,
				924902011D7AAD7F002A2650 /* View */,
			);
			name = Discover;
			path = Discover/Storyboard;
			sourceTree = "<group>";
		};
		924901FF1D7AAD7F002A2650 /* Controller */ = {
			isa = PBXGroup;
			children = (
				924902321D7ABF46002A2650 /* DiscoverTableViewController.swift */,
			);
			path = Controller;
			sourceTree = "<group>";
		};
		924902001D7AAD7F002A2650 /* Model */ = {
			isa = PBXGroup;
			children = (
			);
			path = Model;
			sourceTree = "<group>";
		};
		924902011D7AAD7F002A2650 /* View */ = {
			isa = PBXGroup;
			children = (
			);
			path = View;
			sourceTree = "<group>";
		};
		924902021D7AAD7F002A2650 /* Home */ = {
			isa = PBXGroup;
			children = (
				9249021B1D7AB36F002A2650 /* Storyboard */,
				924902031D7AAD7F002A2650 /* Controller */,
				924902041D7AAD7F002A2650 /* Model */,
				924902051D7AAD7F002A2650 /* View */,
			);
			path = Home;
			sourceTree = "<group>";
		};
		924902031D7AAD7F002A2650 /* Controller */ = {
			isa = PBXGroup;
			children = (
				9249022A1D7ABE4F002A2650 /* HomeTableViewController.swift */,
			);
			path = Controller;
			sourceTree = "<group>";
		};
		924902041D7AAD7F002A2650 /* Model */ = {
			isa = PBXGroup;
			children = (
			);
			path = Model;
			sourceTree = "<group>";
		};
		924902051D7AAD7F002A2650 /* View */ = {
			isa = PBXGroup;
			children = (
			);
			path = View;
			sourceTree = "<group>";
		};
		924902061D7AAD7F002A2650 /* Main */ = {
			isa = PBXGroup;
			children = (
				924902131D7AADD3002A2650 /* Storyboard */,
				924902071D7AAD7F002A2650 /* Controller */,
				924902081D7AAD7F002A2650 /* Model */,
				924902091D7AAD7F002A2650 /* View */,
				9249023D1D7B0D29002A2650 /* Xib */,
			);
			path = Main;
			sourceTree = "<group>";
		};
		924902071D7AAD7F002A2650 /* Controller */ = {
			isa = PBXGroup;
			children = (
				924902141D7AAE1E002A2650 /* MainViewController.swift */,
				9249022C1D7ABE67002A2650 /* BaseTableViewController.swift */,
			);
			path = Controller;
			sourceTree = "<group>";
		};
		924902081D7AAD7F002A2650 /* Model */ = {
			isa = PBXGroup;
			children = (
			);
			path = Model;
			sourceTree = "<group>";
		};
		924902091D7AAD7F002A2650 /* View */ = {
			isa = PBXGroup;
			children = (
				924902401D7B0DA9002A2650 /* VisitorView.swift */,
			);
			path = View;
			sourceTree = "<group>";
		};
		9249020A1D7AAD7F002A2650 /* Message */ = {
			isa = PBXGroup;
			children = (
				9249021C1D7AB39B002A2650 /* Storyboard */,
				9249020B1D7AAD7F002A2650 /* Controller */,
				9249020C1D7AAD7F002A2650 /* Model */,
				9249020D1D7AAD7F002A2650 /* View */,
			);
			path = Message;
			sourceTree = "<group>";
		};
		9249020B1D7AAD7F002A2650 /* Controller */ = {
			isa = PBXGroup;
			children = (
				9249022E1D7ABEAC002A2650 /* MessageTableViewController.swift */,
			);
			path = Controller;
			sourceTree = "<group>";
		};
		9249020C1D7AAD7F002A2650 /* Model */ = {
			isa = PBXGroup;
			children = (
			);
			path = Model;
			sourceTree = "<group>";
		};
		9249020D1D7AAD7F002A2650 /* View */ = {
			isa = PBXGroup;
			children = (
			);
			path = View;
			sourceTree = "<group>";
		};
		9249020E1D7AAD7F002A2650 /* Profile */ = {
			isa = PBXGroup;
			children = (
				9249021E1D7AB3C3002A2650 /* Storyboard */,
				9249020F1D7AAD7F002A2650 /* Controller */,
				924902101D7AAD7F002A2650 /* Model */,
				924902111D7AAD7F002A2650 /* View */,
			);
			path = Profile;
			sourceTree = "<group>";
		};
		9249020F1D7AAD7F002A2650 /* Controller */ = {
			isa = PBXGroup;
			children = (
				924902341D7ABF60002A2650 /* ProfileTableViewController.swift */,
			);
			path = Controller;
			sourceTree = "<group>";
		};
		924902101D7AAD7F002A2650 /* Model */ = {
			isa = PBXGroup;
			children = (
			);
			path = Model;
			sourceTree = "<group>";
		};
		924902111D7AAD7F002A2650 /* View */ = {
			isa = PBXGroup;
			children = (
			);
			path = View;
			sourceTree = "<group>";
		};
		924902121D7AAD7F002A2650 /* Tools */ = {
			isa = PBXGroup;
			children = (
				924902361D7AD6B9002A2650 /* UIButton+Extension.swift */,
			);
			path = Tools;
			sourceTree = "<group>";
		};
		924902131D7AADD3002A2650 /* Storyboard */ = {
			isa = PBXGroup;
			children = (
				924902181D7AB304002A2650 /* Main.storyboard */,
			);
			path = Storyboard;
			sourceTree = "<group>";
		};
		9249021B1D7AB36F002A2650 /* Storyboard */ = {
			isa = PBXGroup;
			children = (
				924902201D7AB4C8002A2650 /* Home.storyboard */,
			);
			path = Storyboard;
			sourceTree = "<group>";
		};
		9249021C1D7AB39B002A2650 /* Storyboard */ = {
			isa = PBXGroup;
			children = (
				924902221D7AB526002A2650 /* Message.storyboard */,
			);
			path = Storyboard;
			sourceTree = "<group>";
		};
		9249021D1D7AB3A7002A2650 /* Storyboard */ = {
			isa = PBXGroup;
			children = (
				924902281D7ABB9F002A2650 /* Compose.storyboard */,
			);
			path = Storyboard;
			sourceTree = "<group>";
		};
		9249021E1D7AB3C3002A2650 /* Storyboard */ = {
			isa = PBXGroup;
			children = (
				924902261D7AB5BD002A2650 /* Profile.storyboard */,
			);
			path = Storyboard;
			sourceTree = "<group>";
		};
		9249021F1D7AB3F6002A2650 /* Storyboard */ = {
			isa = PBXGroup;
			children = (
				924902241D7AB557002A2650 /* Discover.storyboard */,
			);
			name = Storyboard;
			sourceTree = "<group>";
		};
		9249023D1D7B0D29002A2650 /* Xib */ = {
			isa = PBXGroup;
			children = (
				9249023E1D7B0D51002A2650 /* VisitorView.xib */,
			);
			path = Xib;
			sourceTree = "<group>";
		};
		92BB38711D7A76AC00008A10 = {
			isa = PBXGroup;
			children = (
				92BB387C1D7A76AC00008A10 /* SLWeiBo */,
				92BB38911D7A76AC00008A10 /* SLWeiBoTests */,
				92BB389C1D7A76AC00008A10 /* SLWeiBoUITests */,
				92BB387B1D7A76AC00008A10 /* Products */,
			);
			sourceTree = "<group>";
		};
		92BB387B1D7A76AC00008A10 /* Products */ = {
			isa = PBXGroup;
			children = (
				92BB387A1D7A76AC00008A10 /* SLWeiBo.app */,
				92BB388E1D7A76AC00008A10 /* SLWeiBoTests.xctest */,
				92BB38991D7A76AC00008A10 /* SLWeiBoUITests.xctest */,
			);
			name = Products;
			sourceTree = "<group>";
		};
		92BB387C1D7A76AC00008A10 /* SLWeiBo */ = {
			isa = PBXGroup;
			children = (
				92BB387D1D7A76AC00008A10 /* AppDelegate.swift */,
				924901F91D7AAD7F002A2650 /* Classes */,
				92BB38841D7A76AC00008A10 /* Assets.xcassets */,
				92BB38891D7A76AC00008A10 /* Info.plist */,
			);
			path = SLWeiBo;
			sourceTree = "<group>";
		};
		92BB38911D7A76AC00008A10 /* SLWeiBoTests */ = {
			isa = PBXGroup;
			children = (
				92BB38921D7A76AC00008A10 /* SLWeiBoTests.swift */,
				92BB38941D7A76AC00008A10 /* Info.plist */,
			);
			path = SLWeiBoTests;
			sourceTree = "<group>";
		};
		92BB389C1D7A76AC00008A10 /* SLWeiBoUITests */ = {
			isa = PBXGroup;
			children = (
				92BB389D1D7A76AC00008A10 /* SLWeiBoUITests.swift */,
				92BB389F1D7A76AC00008A10 /* Info.plist */,
			);
			path = SLWeiBoUITests;
			sourceTree = "<group>";
		};
/* End PBXGroup section */

/* Begin PBXNativeTarget section */
		92BB38791D7A76AC00008A10 /* SLWeiBo */ = {
			isa = PBXNativeTarget;
			buildConfigurationList = 92BB38A21D7A76AC00008A10 /* Build configuration list for PBXNativeTarget "SLWeiBo" */;
			buildPhases = (
				92BB38761D7A76AC00008A10 /* Sources */,
				92BB38771D7A76AC00008A10 /* Frameworks */,
				92BB38781D7A76AC00008A10 /* Resources */,
			);
			buildRules = (
			);
			dependencies = (
			);
			name = SLWeiBo;
			productName = SLWeiBo;
			productReference = 92BB387A1D7A76AC00008A10 /* SLWeiBo.app */;
			productType = "com.apple.product-type.application";
		};
		92BB388D1D7A76AC00008A10 /* SLWeiBoTests */ = {
			isa = PBXNativeTarget;
			buildConfigurationList = 92BB38A51D7A76AC00008A10 /* Build configuration list for PBXNativeTarget "SLWeiBoTests" */;
			buildPhases = (
				92BB388A1D7A76AC00008A10 /* Sources */,
				92BB388B1D7A76AC00008A10 /* Frameworks */,
				92BB388C1D7A76AC00008A10 /* Resources */,
			);
			buildRules = (
			);
			dependencies = (
				92BB38901D7A76AC00008A10 /* PBXTargetDependency */,
			);
			name = SLWeiBoTests;
			productName = SLWeiBoTests;
			productReference = 92BB388E1D7A76AC00008A10 /* SLWeiBoTests.xctest */;
			productType = "com.apple.product-type.bundle.unit-test";
		};
		92BB38981D7A76AC00008A10 /* SLWeiBoUITests */ = {
			isa = PBXNativeTarget;
			buildConfigurationList = 92BB38A81D7A76AC00008A10 /* Build configuration list for PBXNativeTarget "SLWeiBoUITests" */;
			buildPhases = (
				92BB38951D7A76AC00008A10 /* Sources */,
				92BB38961D7A76AC00008A10 /* Frameworks */,
				92BB38971D7A76AC00008A10 /* Resources */,
			);
			buildRules = (
			);
			dependencies = (
				92BB389B1D7A76AC00008A10 /* PBXTargetDependency */,
			);
			name = SLWeiBoUITests;
			productName = SLWeiBoUITests;
			productReference = 92BB38991D7A76AC00008A10 /* SLWeiBoUITests.xctest */;
			productType = "com.apple.product-type.bundle.ui-testing";
		};
/* End PBXNativeTarget section */

/* Begin PBXProject section */
		92BB38721D7A76AC00008A10 /* Project object */ = {
			isa = PBXProject;
			attributes = {
				LastSwiftUpdateCheck = 0730;
				LastUpgradeCheck = 0730;
				ORGANIZATIONNAME = SLZeng;
				TargetAttributes = {
					92BB38791D7A76AC00008A10 = {
						CreatedOnToolsVersion = 7.3.1;
					};
					92BB388D1D7A76AC00008A10 = {
						CreatedOnToolsVersion = 7.3.1;
						TestTargetID = 92BB38791D7A76AC00008A10;
					};
					92BB38981D7A76AC00008A10 = {
						CreatedOnToolsVersion = 7.3.1;
						TestTargetID = 92BB38791D7A76AC00008A10;
					};
				};
			};
			buildConfigurationList = 92BB38751D7A76AC00008A10 /* Build configuration list for PBXProject "SLWeiBo" */;
			compatibilityVersion = "Xcode 3.2";
			developmentRegion = English;
			hasScannedForEncodings = 0;
			knownRegions = (
				en,
				Base,
			);
			mainGroup = 92BB38711D7A76AC00008A10;
			productRefGroup = 92BB387B1D7A76AC00008A10 /* Products */;
			projectDirPath = "";
			projectRoot = "";
			targets = (
				92BB38791D7A76AC00008A10 /* SLWeiBo */,
				92BB388D1D7A76AC00008A10 /* SLWeiBoTests */,
				92BB38981D7A76AC00008A10 /* SLWeiBoUITests */,
			);
		};
/* End PBXProject section */

/* Begin PBXResourcesBuildPhase section */
		92BB38781D7A76AC00008A10 /* Resources */ = {
			isa = PBXResourcesBuildPhase;
			buildActionMask = 2147483647;
			files = (
				924902271D7AB5BD002A2650 /* Profile.storyboard in Resources */,
				924902211D7AB4C8002A2650 /* Home.storyboard in Resources */,
				92BB38851D7A76AC00008A10 /* Assets.xcassets in Resources */,
				9249023F1D7B0D51002A2650 /* VisitorView.xib in Resources */,
				924902251D7AB557002A2650 /* Discover.storyboard in Resources */,
				924902231D7AB526002A2650 /* Message.storyboard in Resources */,
				924902291D7ABB9F002A2650 /* Compose.storyboard in Resources */,
				924902191D7AB304002A2650 /* Main.storyboard in Resources */,
			);
			runOnlyForDeploymentPostprocessing = 0;
		};
		92BB388C1D7A76AC00008A10 /* Resources */ = {
			isa = PBXResourcesBuildPhase;
			buildActionMask = 2147483647;
			files = (
			);
			runOnlyForDeploymentPostprocessing = 0;
		};
		92BB38971D7A76AC00008A10 /* Resources */ = {
			isa = PBXResourcesBuildPhase;
			buildActionMask = 2147483647;
			files = (
			);
			runOnlyForDeploymentPostprocessing = 0;
		};
/* End PBXResourcesBuildPhase section */

/* Begin PBXSourcesBuildPhase section */
		92BB38761D7A76AC00008A10 /* Sources */ = {
			isa = PBXSourcesBuildPhase;
			buildActionMask = 2147483647;
			files = (
				924902331D7ABF46002A2650 /* DiscoverTableViewController.swift in Sources */,
				9249022B1D7ABE4F002A2650 /* HomeTableViewController.swift in Sources */,
				92BB387E1D7A76AC00008A10 /* AppDelegate.swift in Sources */,
				9249022F1D7ABEAC002A2650 /* MessageTableViewController.swift in Sources */,
				924902311D7ABEEA002A2650 /* ComposeViewController.swift in Sources */,
				924902371D7AD6B9002A2650 /* UIButton+Extension.swift in Sources */,
				9249022D1D7ABE67002A2650 /* BaseTableViewController.swift in Sources */,
				924902411D7B0DA9002A2650 /* VisitorView.swift in Sources */,
				924902351D7ABF60002A2650 /* ProfileTableViewController.swift in Sources */,
				924902161D7AAE1E002A2650 /* MainViewController.swift in Sources */,
			);
			runOnlyForDeploymentPostprocessing = 0;
		};
		92BB388A1D7A76AC00008A10 /* Sources */ = {
			isa = PBXSourcesBuildPhase;
			buildActionMask = 2147483647;
			files = (
				92BB38931D7A76AC00008A10 /* SLWeiBoTests.swift in Sources */,
			);
			runOnlyForDeploymentPostprocessing = 0;
		};
		92BB38951D7A76AC00008A10 /* Sources */ = {
			isa = PBXSourcesBuildPhase;
			buildActionMask = 2147483647;
			files = (
				92BB389E1D7A76AC00008A10 /* SLWeiBoUITests.swift in Sources */,
			);
			runOnlyForDeploymentPostprocessing = 0;
		};
/* End PBXSourcesBuildPhase section */

/* Begin PBXTargetDependency section */
		92BB38901D7A76AC00008A10 /* PBXTargetDependency */ = {
			isa = PBXTargetDependency;
			target = 92BB38791D7A76AC00008A10 /* SLWeiBo */;
			targetProxy = 92BB388F1D7A76AC00008A10 /* PBXContainerItemProxy */;
		};
		92BB389B1D7A76AC00008A10 /* PBXTargetDependency */ = {
			isa = PBXTargetDependency;
			target = 92BB38791D7A76AC00008A10 /* SLWeiBo */;
			targetProxy = 92BB389A1D7A76AC00008A10 /* PBXContainerItemProxy */;
		};
/* End PBXTargetDependency section */

/* Begin XCBuildConfiguration section */
		92BB38A01D7A76AC00008A10 /* Debug */ = {
			isa = XCBuildConfiguration;
			buildSettings = {
				ALWAYS_SEARCH_USER_PATHS = NO;
				CLANG_ANALYZER_NONNULL = YES;
				CLANG_CXX_LANGUAGE_STANDARD = "gnu++0x";
				CLANG_CXX_LIBRARY = "libc++";
				CLANG_ENABLE_MODULES = YES;
				CLANG_ENABLE_OBJC_ARC = YES;
				CLANG_WARN_BOOL_CONVERSION = YES;
				CLANG_WARN_CONSTANT_CONVERSION = YES;
				CLANG_WARN_DIRECT_OBJC_ISA_USAGE = YES_ERROR;
				CLANG_WARN_EMPTY_BODY = YES;
				CLANG_WARN_ENUM_CONVERSION = YES;
				CLANG_WARN_INT_CONVERSION = YES;
				CLANG_WARN_OBJC_ROOT_CLASS = YES_ERROR;
				CLANG_WARN_UNREACHABLE_CODE = YES;
				CLANG_WARN__DUPLICATE_METHOD_MATCH = YES;
				"CODE_SIGN_IDENTITY[sdk=iphoneos*]" = "iPhone Developer";
				COPY_PHASE_STRIP = NO;
				DEBUG_INFORMATION_FORMAT = dwarf;
				ENABLE_STRICT_OBJC_MSGSEND = YES;
				ENABLE_TESTABILITY = YES;
				GCC_C_LANGUAGE_STANDARD = gnu99;
				GCC_DYNAMIC_NO_PIC = NO;
				GCC_NO_COMMON_BLOCKS = YES;
				GCC_OPTIMIZATION_LEVEL = 0;
				GCC_PREPROCESSOR_DEFINITIONS = (
					"DEBUG=1",
					"$(inherited)",
				);
				GCC_WARN_64_TO_32_BIT_CONVERSION = YES;
				GCC_WARN_ABOUT_RETURN_TYPE = YES_ERROR;
				GCC_WARN_UNDECLARED_SELECTOR = YES;
				GCC_WARN_UNINITIALIZED_AUTOS = YES_AGGRESSIVE;
				GCC_WARN_UNUSED_FUNCTION = YES;
				GCC_WARN_UNUSED_VARIABLE = YES;
				IPHONEOS_DEPLOYMENT_TARGET = 9.3;
				MTL_ENABLE_DEBUG_INFO = YES;
				ONLY_ACTIVE_ARCH = YES;
				SDKROOT = iphoneos;
				SWIFT_OPTIMIZATION_LEVEL = "-Onone";
			};
			name = Debug;
		};
		92BB38A11D7A76AC00008A10 /* Release */ = {
			isa = XCBuildConfiguration;
			buildSettings = {
				ALWAYS_SEARCH_USER_PATHS = NO;
				CLANG_ANALYZER_NONNULL = YES;
				CLANG_CXX_LANGUAGE_STANDARD = "gnu++0x";
				CLANG_CXX_LIBRARY = "libc++";
				CLANG_ENABLE_MODULES = YES;
				CLANG_ENABLE_OBJC_ARC = YES;
				CLANG_WARN_BOOL_CONVERSION = YES;
				CLANG_WARN_CONSTANT_CONVERSION = YES;
				CLANG_WARN_DIRECT_OBJC_ISA_USAGE = YES_ERROR;
				CLANG_WARN_EMPTY_BODY = YES;
				CLANG_WARN_ENUM_CONVERSION = YES;
				CLANG_WARN_INT_CONVERSION = YES;
				CLANG_WARN_OBJC_ROOT_CLASS = YES_ERROR;
				CLANG_WARN_UNREACHABLE_CODE = YES;
				CLANG_WARN__DUPLICATE_METHOD_MATCH = YES;
				"CODE_SIGN_IDENTITY[sdk=iphoneos*]" = "iPhone Developer";
				COPY_PHASE_STRIP = NO;
				DEBUG_INFORMATION_FORMAT = "dwarf-with-dsym";
				ENABLE_NS_ASSERTIONS = NO;
				ENABLE_STRICT_OBJC_MSGSEND = YES;
				GCC_C_LANGUAGE_STANDARD = gnu99;
				GCC_NO_COMMON_BLOCKS = YES;
				GCC_WARN_64_TO_32_BIT_CONVERSION = YES;
				GCC_WARN_ABOUT_RETURN_TYPE = YES_ERROR;
				GCC_WARN_UNDECLARED_SELECTOR = YES;
				GCC_WARN_UNINITIALIZED_AUTOS = YES_AGGRESSIVE;
				GCC_WARN_UNUSED_FUNCTION = YES;
				GCC_WARN_UNUSED_VARIABLE = YES;
				IPHONEOS_DEPLOYMENT_TARGET = 9.3;
				MTL_ENABLE_DEBUG_INFO = NO;
				SDKROOT = iphoneos;
				VALIDATE_PRODUCT = YES;
			};
			name = Release;
		};
		92BB38A31D7A76AC00008A10 /* Debug */ = {
			isa = XCBuildConfiguration;
			buildSettings = {
				ASSETCATALOG_COMPILER_APPICON_NAME = AppIcon;
				ASSETCATALOG_COMPILER_LAUNCHIMAGE_NAME = "Brand Assets";
				INFOPLIST_FILE = SLWeiBo/Info.plist;
				LD_RUNPATH_SEARCH_PATHS = "$(inherited) @executable_path/Frameworks";
				OTHER_SWIFT_FLAGS = "-D DEBUG";
				PRODUCT_BUNDLE_IDENTIFIER = com.github.SLWeiBo;
				PRODUCT_NAME = "$(TARGET_NAME)";
			};
			name = Debug;
		};
		92BB38A41D7A76AC00008A10 /* Release */ = {
			isa = XCBuildConfiguration;
			buildSettings = {
				ASSETCATALOG_COMPILER_APPICON_NAME = AppIcon;
				ASSETCATALOG_COMPILER_LAUNCHIMAGE_NAME = "Brand Assets";
				INFOPLIST_FILE = SLWeiBo/Info.plist;
				LD_RUNPATH_SEARCH_PATHS = "$(inherited) @executable_path/Frameworks";
				PRODUCT_BUNDLE_IDENTIFIER = com.github.SLWeiBo;
				PRODUCT_NAME = "$(TARGET_NAME)";
			};
			name = Release;
		};
		92BB38A61D7A76AC00008A10 /* Debug */ = {
			isa = XCBuildConfiguration;
			buildSettings = {
				BUNDLE_LOADER = "$(TEST_HOST)";
				INFOPLIST_FILE = SLWeiBoTests/Info.plist;
				LD_RUNPATH_SEARCH_PATHS = "$(inherited) @executable_path/Frameworks @loader_path/Frameworks";
				PRODUCT_BUNDLE_IDENTIFIER = com.github.SLWeiBoTests;
				PRODUCT_NAME = "$(TARGET_NAME)";
				TEST_HOST = "$(BUILT_PRODUCTS_DIR)/SLWeiBo.app/SLWeiBo";
			};
			name = Debug;
		};
		92BB38A71D7A76AC00008A10 /* Release */ = {
			isa = XCBuildConfiguration;
			buildSettings = {
				BUNDLE_LOADER = "$(TEST_HOST)";
				INFOPLIST_FILE = SLWeiBoTests/Info.plist;
				LD_RUNPATH_SEARCH_PATHS = "$(inherited) @executable_path/Frameworks @loader_path/Frameworks";
				PRODUCT_BUNDLE_IDENTIFIER = com.github.SLWeiBoTests;
				PRODUCT_NAME = "$(TARGET_NAME)";
				TEST_HOST = "$(BUILT_PRODUCTS_DIR)/SLWeiBo.app/SLWeiBo";
			};
			name = Release;
		};
		92BB38A91D7A76AC00008A10 /* Debug */ = {
			isa = XCBuildConfiguration;
			buildSettings = {
				INFOPLIST_FILE = SLWeiBoUITests/Info.plist;
				LD_RUNPATH_SEARCH_PATHS = "$(inherited) @executable_path/Frameworks @loader_path/Frameworks";
				PRODUCT_BUNDLE_IDENTIFIER = com.github.SLWeiBoUITests;
				PRODUCT_NAME = "$(TARGET_NAME)";
				TEST_TARGET_NAME = SLWeiBo;
			};
			name = Debug;
		};
		92BB38AA1D7A76AC00008A10 /* Release */ = {
			isa = XCBuildConfiguration;
			buildSettings = {
				INFOPLIST_FILE = SLWeiBoUITests/Info.plist;
				LD_RUNPATH_SEARCH_PATHS = "$(inherited) @executable_path/Frameworks @loader_path/Frameworks";
				PRODUCT_BUNDLE_IDENTIFIER = com.github.SLWeiBoUITests;
				PRODUCT_NAME = "$(TARGET_NAME)";
				TEST_TARGET_NAME = SLWeiBo;
			};
			name = Release;
		};
/* End XCBuildConfiguration section */

/* Begin XCConfigurationList section */
		92BB38751D7A76AC00008A10 /* Build configuration list for PBXProject "SLWeiBo" */ = {
			isa = XCConfigurationList;
			buildConfigurations = (
				92BB38A01D7A76AC00008A10 /* Debug */,
				92BB38A11D7A76AC00008A10 /* Release */,
			);
			defaultConfigurationIsVisible = 0;
			defaultConfigurationName = Release;
		};
		92BB38A21D7A76AC00008A10 /* Build configuration list for PBXNativeTarget "SLWeiBo" */ = {
			isa = XCConfigurationList;
			buildConfigurations = (
				92BB38A31D7A76AC00008A10 /* Debug */,
				92BB38A41D7A76AC00008A10 /* Release */,
			);
			defaultConfigurationIsVisible = 0;
			defaultConfigurationName = Release;
		};
		92BB38A51D7A76AC00008A10 /* Build configuration list for PBXNativeTarget "SLWeiBoTests" */ = {
			isa = XCConfigurationList;
			buildConfigurations = (
				92BB38A61D7A76AC00008A10 /* Debug */,
				92BB38A71D7A76AC00008A10 /* Release */,
			);
			defaultConfigurationIsVisible = 0;
			defaultConfigurationName = Release;
		};
		92BB38A81D7A76AC00008A10 /* Build configuration list for PBXNativeTarget "SLWeiBoUITests" */ = {
			isa = XCConfigurationList;
			buildConfigurations = (
				92BB38A91D7A76AC00008A10 /* Debug */,
				92BB38AA1D7A76AC00008A10 /* Release */,
			);
			defaultConfigurationIsVisible = 0;
			defaultConfigurationName = Release;
		};
/* End XCConfigurationList section */
	};
	rootObject = 92BB38721D7A76AC00008A10 /* Project object */;
}
